
Microsoft Visual Studio Solution File, Format Version 12.00
# Visual Studio 15
VisualStudioVersion = 15.0.26430.6
MinimumVisualStudioVersion = 10.0.40219.1
Project("{DA7A21FA-8162-4350-AD77-A8D1B671F3ED}") = "r-vs-demos", "r-vs-demos\r-vs-demos.rxproj", "{23A5FCB5-4340-4086-96A2-0713429C8CB5}"
EndProject
Global
	GlobalSection(SolutionConfigurationPlatforms) = preSolution
		Debug|Any CPU = Debug|Any CPU
		Release|Any CPU = Release|Any CPU
	EndGlobalSection
	GlobalSection(ProjectConfigurationPlatforms) = postSolution
		{23A5FCB5-4340-4086-96A2-0713429C8CB5}.Debug|Any CPU.ActiveCfg = Debug|Any CPU
		{23A5FCB5-4340-4086-96A2-0713429C8CB5}.Debug|Any CPU.Build.0 = Debug|Any CPU
		{23A5FCB5-4340-4086-96A2-0713429C8CB5}.Release|Any CPU.ActiveCfg = Release|Any CPU
		{23A5FCB5-4340-4086-96A2-0713429C8CB5}.Release|Any CPU.Build.0 = Release|Any CPU
	EndGlobalSection
	GlobalSection(SolutionProperties) = preSolution
		HideSolutionNode = FALSE
	EndGlobalSection
EndGlobal
